
Microsoft Visual Studio Solution File, Format Version 12.00
# Visual Studio Version 17
VisualStudioVersion = 17.6.33829.357
MinimumVisualStudioVersion = 10.0.40219.1
Project("{2150E333-8FDC-42A3-9474-1A3956D46DE8}") = "src", "src", "{7E87F486-3364-4450-B5E4-E6A431499AA6}"
EndProject
Project("{9A19103F-16F7-4668-BE54-9A1E7A4F7556}") = "Application", "src\Application\Application.csproj", "{D7F570F7-7AC9-47ED-976C-EFAB74416870}"
EndProject
Project("{9A19103F-16F7-4668-BE54-9A1E7A4F7556}") = "Infrastructure", "src\Infrastructure\Infrastructure.csproj", "{5EB7B942-E2C6-4C8B-8368-C61B183CADDB}"
EndProject
Project("{9A19103F-16F7-4668-BE54-9A1E7A4F7556}") = "Domain", "src\Domain\Domain.csproj", "{B3FDA54A-C5F7-4119-A45B-793E4C505869}"
EndProject
Project("{2150E333-8FDC-42A3-9474-1A3956D46DE8}") = "Web", "Web", "{00E9EF3C-69DE-49FE-8289-A39E2E1F04E5}"
EndProject
Project("{9A19103F-16F7-4668-BE54-9A1E7A4F7556}") = "Api", "src\Web\Api\Api.csproj", "{00B47794-1E90-46E4-9D9B-3D4C7B4C73AD}"
EndProject
Project("{54A90642-561A-4BB1-A94E-469ADEE60C69}") = "ClientApp", "src\Web\ClientApp\ClientApp.csproj", "{A95D3121-D3A7-46C1-BE47-D332AF846C78}"
EndProject
Project("{2150E333-8FDC-42A3-9474-1A3956D46DE8}") = "Deployment", "Deployment", "{AFA7EB57-A9C2-440A-BED1-2814720FE8AA}"
	ProjectSection(SolutionItems) = preProject
		src\Web\Deployment\nginx.conf = src\Web\Deployment\nginx.conf
	EndProjectSection
EndProject
Project("{2150E333-8FDC-42A3-9474-1A3956D46DE8}") = "schedulers", "schedulers", "{28C14A4E-1DE2-4F1A-8B72-DE3B79518A6D}"
	ProjectSection(SolutionItems) = preProject
		src\Web\Deployment\schedulers\API.xml = src\Web\Deployment\schedulers\API.xml
		src\Web\Deployment\schedulers\Web Dashboard.xml = src\Web\Deployment\schedulers\Web Dashboard.xml
	EndProjectSection
EndProject
Global
	GlobalSection(SolutionConfigurationPlatforms) = preSolution
		Debug|Any CPU = Debug|Any CPU
		Release|Any CPU = Release|Any CPU
	EndGlobalSection
	GlobalSection(ProjectConfigurationPlatforms) = postSolution
		{D7F570F7-7AC9-47ED-976C-EFAB74416870}.Debug|Any CPU.ActiveCfg = Debug|Any CPU
		{D7F570F7-7AC9-47ED-976C-EFAB74416870}.Debug|Any CPU.Build.0 = Debug|Any CPU
		{D7F570F7-7AC9-47ED-976C-EFAB74416870}.Release|Any CPU.ActiveCfg = Release|Any CPU
		{D7F570F7-7AC9-47ED-976C-EFAB74416870}.Release|Any CPU.Build.0 = Release|Any CPU
		{5EB7B942-E2C6-4C8B-8368-C61B183CADDB}.Debug|Any CPU.ActiveCfg = Debug|Any CPU
		{5EB7B942-E2C6-4C8B-8368-C61B183CADDB}.Debug|Any CPU.Build.0 = Debug|Any CPU
		{5EB7B942-E2C6-4C8B-8368-C61B183CADDB}.Release|Any CPU.ActiveCfg = Release|Any CPU
		{5EB7B942-E2C6-4C8B-8368-C61B183CADDB}.Release|Any CPU.Build.0 = Release|Any CPU
		{B3FDA54A-C5F7-4119-A45B-793E4C505869}.Debug|Any CPU.ActiveCfg = Debug|Any CPU
		{B3FDA54A-C5F7-4119-A45B-793E4C505869}.Debug|Any CPU.Build.0 = Debug|Any CPU
		{B3FDA54A-C5F7-4119-A45B-793E4C505869}.Release|Any CPU.ActiveCfg = Release|Any CPU
		{B3FDA54A-C5F7-4119-A45B-793E4C505869}.Release|Any CPU.Build.0 = Release|Any CPU
		{00B47794-1E90-46E4-9D9B-3D4C7B4C73AD}.Debug|Any CPU.ActiveCfg = Debug|Any CPU
		{00B47794-1E90-46E4-9D9B-3D4C7B4C73AD}.Debug|Any CPU.Build.0 = Debug|Any CPU
		{00B47794-1E90-46E4-9D9B-3D4C7B4C73AD}.Release|Any CPU.ActiveCfg = Release|Any CPU
		{00B47794-1E90-46E4-9D9B-3D4C7B4C73AD}.Release|Any CPU.Build.0 = Release|Any CPU
		{A95D3121-D3A7-46C1-BE47-D332AF846C78}.Debug|Any CPU.ActiveCfg = Debug|Any CPU
		{A95D3121-D3A7-46C1-BE47-D332AF846C78}.Debug|Any CPU.Deploy.0 = Debug|Any CPU
		{A95D3121-D3A7-46C1-BE47-D332AF846C78}.Release|Any CPU.ActiveCfg = Release|Any CPU
		{A95D3121-D3A7-46C1-BE47-D332AF846C78}.Release|Any CPU.Build.0 = Release|Any CPU
		{A95D3121-D3A7-46C1-BE47-D332AF846C78}.Release|Any CPU.Deploy.0 = Release|Any CPU
	EndGlobalSection
	GlobalSection(SolutionProperties) = preSolution
		HideSolutionNode = FALSE
	EndGlobalSection
	GlobalSection(NestedProjects) = preSolution
		{D7F570F7-7AC9-47ED-976C-EFAB74416870} = {7E87F486-3364-4450-B5E4-E6A431499AA6}
		{5EB7B942-E2C6-4C8B-8368-C61B183CADDB} = {7E87F486-3364-4450-B5E4-E6A431499AA6}
		{B3FDA54A-C5F7-4119-A45B-793E4C505869} = {7E87F486-3364-4450-B5E4-E6A431499AA6}
		{00E9EF3C-69DE-49FE-8289-A39E2E1F04E5} = {7E87F486-3364-4450-B5E4-E6A431499AA6}
		{00B47794-1E90-46E4-9D9B-3D4C7B4C73AD} = {00E9EF3C-69DE-49FE-8289-A39E2E1F04E5}
		{A95D3121-D3A7-46C1-BE47-D332AF846C78} = {00E9EF3C-69DE-49FE-8289-A39E2E1F04E5}
		{AFA7EB57-A9C2-440A-BED1-2814720FE8AA} = {00E9EF3C-69DE-49FE-8289-A39E2E1F04E5}
		{28C14A4E-1DE2-4F1A-8B72-DE3B79518A6D} = {AFA7EB57-A9C2-440A-BED1-2814720FE8AA}
	EndGlobalSection
	GlobalSection(ExtensibilityGlobals) = postSolution
		SolutionGuid = {ADAAED20-4871-4690-8187-75BE2634A829}
	EndGlobalSection
EndGlobal
